{
    "_meta": {
        "hash": {
            "sha256": "1d8204cbb67cdfdd76726fbd2b3b11ef22970709d5212cdcb04043c637118a6a"
        },
        "pipfile-spec": 6,
        "requires": {
            "python_full_version": "3.7.3",
            "python_version": "3.7"
        },
        "sources": [
            {
                "name": "pypi",
                "url": "https://pypi.org/simple",
                "verify_ssl": true
            }
        ]
    },
    "default": {},
    "develop": {}
}
